
Microsoft Visual Studio Solution File, Format Version 12.00
# Visual Studio Version 17
VisualStudioVersion = 17.1.32228.430
MinimumVisualStudioVersion = 10.0.40219.1
Project("{8BC9CEB8-8B4A-11D0-8D11-00A0C91BC942}") = "SM4优化", "SM4优化.vcxproj", "{E4403095-A9B3-4FA5-96B5-293F4E468C24}"
EndProject
Global
	GlobalSection(SolutionConfigurationPlatforms) = preSolution
		Debug|x64 = Debug|x64
		Debug|x86 = Debug|x86
		Release|x64 = Release|x64
		Release|x86 = Release|x86
	EndGlobalSection
	GlobalSection(ProjectConfigurationPlatforms) = postSolution
		{E4403095-A9B3-4FA5-96B5-293F4E468C24}.Debug|x64.ActiveCfg = Debug|x64
		{E4403095-A9B3-4FA5-96B5-293F4E468C24}.Debug|x64.Build.0 = Debug|x64
		{E4403095-A9B3-4FA5-96B5-293F4E468C24}.Debug|x86.ActiveCfg = Debug|Win32
		{E4403095-A9B3-4FA5-96B5-293F4E468C24}.Debug|x86.Build.0 = Debug|Win32
		{E4403095-A9B3-4FA5-96B5-293F4E468C24}.Release|x64.ActiveCfg = Release|x64
		{E4403095-A9B3-4FA5-96B5-293F4E468C24}.Release|x64.Build.0 = Release|x64
		{E4403095-A9B3-4FA5-96B5-293F4E468C24}.Release|x86.ActiveCfg = Release|Win32
		{E4403095-A9B3-4FA5-96B5-293F4E468C24}.Release|x86.Build.0 = Release|Win32
	EndGlobalSection
	GlobalSection(SolutionProperties) = preSolution
		HideSolutionNode = FALSE
	EndGlobalSection
	GlobalSection(ExtensibilityGlobals) = postSolution
		SolutionGuid = {D5E84461-2D38-4A8E-9DE5-848714623887}
	EndGlobalSection
EndGlobal
